
Microsoft Visual Studio Solution File, Format Version 12.00
# Visual Studio Version 17
VisualStudioVersion = 17.3.32825.248
MinimumVisualStudioVersion = 10.0.40219.1
Project("{FAE04EC0-301F-11D3-BF4B-00C04F79EFBC}") = "ModLoader", "CSTI-ModLoader\ModLoader.csproj", "{62F4CE9B-B17B-42FB-B543-75E49F9C91AA}"
EndProject
Project("{FAE04EC0-301F-11D3-BF4B-00C04F79EFBC}") = "DynamicModLoader", "DynamicModLoader\DynamicModLoader.csproj", "{1CE14441-18B5-4FAE-8C2B-91ECBF71D0FF}"
EndProject
Project("{FAE04EC0-301F-11D3-BF4B-00C04F79EFBC}") = "ModLoader安装包", "ModLoader安装包\ModLoader安装包.csproj", "{E53AE1E9-5D49-44E7-8134-7D4764AF2158}"
EndProject
Project("{FAE04EC0-301F-11D3-BF4B-00C04F79EFBC}") = "DoorStop4Helper", "DoorStop4Helper\DoorStop4Helper.csproj", "{8693CE25-3B95-4703-B806-C23FD46099A4}"
EndProject
Global
	GlobalSection(SolutionConfigurationPlatforms) = preSolution
		Debug|Any CPU = Debug|Any CPU
		Release|Any CPU = Release|Any CPU
	EndGlobalSection
	GlobalSection(ProjectConfigurationPlatforms) = postSolution
		{62F4CE9B-B17B-42FB-B543-75E49F9C91AA}.Debug|Any CPU.ActiveCfg = Debug|Any CPU
		{62F4CE9B-B17B-42FB-B543-75E49F9C91AA}.Debug|Any CPU.Build.0 = Debug|Any CPU
		{62F4CE9B-B17B-42FB-B543-75E49F9C91AA}.Release|Any CPU.ActiveCfg = Release|Any CPU
		{62F4CE9B-B17B-42FB-B543-75E49F9C91AA}.Release|Any CPU.Build.0 = Release|Any CPU
		{1CE14441-18B5-4FAE-8C2B-91ECBF71D0FF}.Debug|Any CPU.ActiveCfg = Debug|Any CPU
		{1CE14441-18B5-4FAE-8C2B-91ECBF71D0FF}.Debug|Any CPU.Build.0 = Debug|Any CPU
		{1CE14441-18B5-4FAE-8C2B-91ECBF71D0FF}.Release|Any CPU.ActiveCfg = Release|Any CPU
		{1CE14441-18B5-4FAE-8C2B-91ECBF71D0FF}.Release|Any CPU.Build.0 = Release|Any CPU
		{E53AE1E9-5D49-44E7-8134-7D4764AF2158}.Debug|Any CPU.ActiveCfg = Debug|Any CPU
		{E53AE1E9-5D49-44E7-8134-7D4764AF2158}.Debug|Any CPU.Build.0 = Debug|Any CPU
		{E53AE1E9-5D49-44E7-8134-7D4764AF2158}.Release|Any CPU.ActiveCfg = Release|Any CPU
		{E53AE1E9-5D49-44E7-8134-7D4764AF2158}.Release|Any CPU.Build.0 = Release|Any CPU
		{8693CE25-3B95-4703-B806-C23FD46099A4}.Debug|Any CPU.ActiveCfg = Debug|Any CPU
		{8693CE25-3B95-4703-B806-C23FD46099A4}.Debug|Any CPU.Build.0 = Debug|Any CPU
		{8693CE25-3B95-4703-B806-C23FD46099A4}.Release|Any CPU.ActiveCfg = Release|Any CPU
		{8693CE25-3B95-4703-B806-C23FD46099A4}.Release|Any CPU.Build.0 = Release|Any CPU
	EndGlobalSection
	GlobalSection(SolutionProperties) = preSolution
		HideSolutionNode = FALSE
	EndGlobalSection
	GlobalSection(ExtensibilityGlobals) = postSolution
		SolutionGuid = {571C11B0-866E-4A91-A7DA-124B3F8C5A59}
	EndGlobalSection
EndGlobal
