
Microsoft Visual Studio Solution File, Format Version 12.00
# Visual Studio Version 17
VisualStudioVersion = 17.3.32825.248
MinimumVisualStudioVersion = 10.0.40219.1
Project("{FAE04EC0-301F-11D3-BF4B-00C04F79EFBC}") = "CSTI-ModLoader", "CSTI-ModLoader\ModLoader.csproj", "{34D91181-B67D-4226-B87D-C90488A16702}"
EndProject
Global
	GlobalSection(SolutionConfigurationPlatforms) = preSolution
		Debug|Any CPU = Debug|Any CPU
		Release|Any CPU = Release|Any CPU
	EndGlobalSection
	GlobalSection(ProjectConfigurationPlatforms) = postSolution
		{34D91181-B67D-4226-B87D-C90488A16702}.Debug|Any CPU.ActiveCfg = Debug|Any CPU
		{34D91181-B67D-4226-B87D-C90488A16702}.Debug|Any CPU.Build.0 = Debug|Any CPU
		{34D91181-B67D-4226-B87D-C90488A16702}.Release|Any CPU.ActiveCfg = Release|Any CPU
		{34D91181-B67D-4226-B87D-C90488A16702}.Release|Any CPU.Build.0 = Release|Any CPU
	EndGlobalSection
	GlobalSection(SolutionProperties) = preSolution
		HideSolutionNode = FALSE
	EndGlobalSection
	GlobalSection(ExtensibilityGlobals) = postSolution
		SolutionGuid = {571C11B0-866E-4A91-A7DA-124B3F8C5A59}
	EndGlobalSection
EndGlobal
